// !$*UTF8*$!
{
	archiveVersion = 1;
	classes = {
	};
	objectVersion = 46;
	objects = {

/* Begin PBXBuildFile section */
		633E0B381B67D4EE004DE90B /* AppDelegate.swift in Sources */ = {isa = PBXBuildFile; fileRef = 633E0B371B67D4EE004DE90B /* AppDelegate.swift */; };
		633E0B3A1B67D4EE004DE90B /* ViewController.swift in Sources */ = {isa = PBXBuildFile; fileRef = 633E0B391B67D4EE004DE90B /* ViewController.swift */; };
		633E0B3C1B67D4EE004DE90B /* Assets.xcassets in Resources */ = {isa = PBXBuildFile; fileRef = 633E0B3B1B67D4EE004DE90B /* Assets.xcassets */; };
		633E0B3F1B67D4EE004DE90B /* Main.storyboard in Resources */ = {isa = PBXBuildFile; fileRef = 633E0B3D1B67D4EE004DE90B /* Main.storyboard */; };
		633E0B491B67D4FA004DE90B /* Movie.swift in Sources */ = {isa = PBXBuildFile; fileRef = 633E0B461B67D4FA004DE90B /* Movie.swift */; };
		633E0B4A1B67D4FA004DE90B /* OMDBAPI.swift in Sources */ = {isa = PBXBuildFile; fileRef = 633E0B471B67D4FA004DE90B /* OMDBAPI.swift */; };
		633E0B4B1B67D4FA004DE90B /* RottenTomatoRatings.swift in Sources */ = {isa = PBXBuildFile; fileRef = 633E0B481B67D4FA004DE90B /* RottenTomatoRatings.swift */; };
		633E0B4D1B67D500004DE90B /* APIConstants.swift in Sources */ = {isa = PBXBuildFile; fileRef = 633E0B4C1B67D500004DE90B /* APIConstants.swift */; };
/* End PBXBuildFile section */

/* Begin PBXFileReference section */
		633E0B341B67D4EE004DE90B /* OMDBAPI.app */ = {isa = PBXFileReference; explicitFileType = wrapper.application; includeInIndex = 0; path = OMDBAPI.app; sourceTree = BUILT_PRODUCTS_DIR; };
		633E0B371B67D4EE004DE90B /* AppDelegate.swift */ = {isa = PBXFileReference; lastKnownFileType = sourcecode.swift; path = AppDelegate.swift; sourceTree = "<group>"; };
		633E0B391B67D4EE004DE90B /* ViewController.swift */ = {isa = PBXFileReference; lastKnownFileType = sourcecode.swift; path = ViewController.swift; sourceTree = "<group>"; };
		633E0B3B1B67D4EE004DE90B /* Assets.xcassets */ = {isa = PBXFileReference; lastKnownFileType = folder.assetcatalog; path = Assets.xcassets; sourceTree = "<group>"; };
		633E0B3E1B67D4EE004DE90B /* Base */ = {isa = PBXFileReference; lastKnownFileType = file.storyboard; name = Base; path = Base.lproj/Main.storyboard; sourceTree = "<group>"; };
		633E0B401B67D4EE004DE90B /* Info.plist */ = {isa = PBXFileReference; lastKnownFileType = text.plist.xml; path = Info.plist; sourceTree = "<group>"; };
		633E0B461B67D4FA004DE90B /* Movie.swift */ = {isa = PBXFileReference; fileEncoding = 4; lastKnownFileType = sourcecode.swift; path = Movie.swift; sourceTree = "<group>"; };
		633E0B471B67D4FA004DE90B /* OMDBAPI.swift */ = {isa = PBXFileReference; fileEncoding = 4; lastKnownFileType = sourcecode.swift; path = OMDBAPI.swift; sourceTree = "<group>"; };
		633E0B481B67D4FA004DE90B /* RottenTomatoRatings.swift */ = {isa = PBXFileReference; fileEncoding = 4; lastKnownFileType = sourcecode.swift; path = RottenTomatoRatings.swift; sourceTree = "<group>"; };
		633E0B4C1B67D500004DE90B /* APIConstants.swift */ = {isa = PBXFileReference; fileEncoding = 4; lastKnownFileType = sourcecode.swift; path = APIConstants.swift; sourceTree = "<group>"; };
/* End PBXFileReference section */

/* Begin PBXFrameworksBuildPhase section */
		633E0B311B67D4EE004DE90B /* Frameworks */ = {
			isa = PBXFrameworksBuildPhase;
			buildActionMask = 2147483647;
			files = (
			);
			runOnlyForDeploymentPostprocessing = 0;
		};
/* End PBXFrameworksBuildPhase section */

/* Begin PBXGroup section */
		633E0B2B1B67D4EE004DE90B = {
			isa = PBXGroup;
			children = (
				633E0B361B67D4EE004DE90B /* OMDBAPI */,
				633E0B351B67D4EE004DE90B /* Products */,
			);
			sourceTree = "<group>";
		};
		633E0B351B67D4EE004DE90B /* Products */ = {
			isa = PBXGroup;
			children = (
				633E0B341B67D4EE004DE90B /* OMDBAPI.app */,
			);
			name = Products;
			sourceTree = "<group>";
		};
		633E0B361B67D4EE004DE90B /* OMDBAPI */ = {
			isa = PBXGroup;
			children = (
				633E0B371B67D4EE004DE90B /* AppDelegate.swift */,
				633E0B391B67D4EE004DE90B /* ViewController.swift */,
				633E0B461B67D4FA004DE90B /* Movie.swift */,
				633E0B481B67D4FA004DE90B /* RottenTomatoRatings.swift */,
				633E0B471B67D4FA004DE90B /* OMDBAPI.swift */,
				633E0B4C1B67D500004DE90B /* APIConstants.swift */,
				633E0B3B1B67D4EE004DE90B /* Assets.xcassets */,
				633E0B3D1B67D4EE004DE90B /* Main.storyboard */,
				633E0B401B67D4EE004DE90B /* Info.plist */,
			);
			path = OMDBAPI;
			sourceTree = "<group>";
		};
/* End PBXGroup section */

/* Begin PBXNativeTarget section */
		633E0B331B67D4EE004DE90B /* OMDBAPI */ = {
			isa = PBXNativeTarget;
			buildConfigurationList = 633E0B431B67D4EE004DE90B /* Build configuration list for PBXNativeTarget "OMDBAPI" */;
			buildPhases = (
				633E0B301B67D4EE004DE90B /* Sources */,
				633E0B311B67D4EE004DE90B /* Frameworks */,
				633E0B321B67D4EE004DE90B /* Resources */,
			);
			buildRules = (
			);
			dependencies = (
			);
			name = OMDBAPI;
			productName = OMDBAPI;
			productReference = 633E0B341B67D4EE004DE90B /* OMDBAPI.app */;
			productType = "com.apple.product-type.application";
		};
/* End PBXNativeTarget section */

/* Begin PBXProject section */
		633E0B2C1B67D4EE004DE90B /* Project object */ = {
			isa = PBXProject;
			attributes = {
				LastUpgradeCheck = 0700;
				ORGANIZATIONNAME = "David Ehlen";
				TargetAttributes = {
					633E0B331B67D4EE004DE90B = {
						CreatedOnToolsVersion = 7.0;
					};
				};
			};
			buildConfigurationList = 633E0B2F1B67D4EE004DE90B /* Build configuration list for PBXProject "OMDBAPI" */;
			compatibilityVersion = "Xcode 3.2";
			developmentRegion = English;
			hasScannedForEncodings = 0;
			knownRegions = (
				en,
				Base,
			);
			mainGroup = 633E0B2B1B67D4EE004DE90B;
			productRefGroup = 633E0B351B67D4EE004DE90B /* Products */;
			projectDirPath = "";
			projectRoot = "";
			targets = (
				633E0B331B67D4EE004DE90B /* OMDBAPI */,
			);
		};
/* End PBXProject section */

/* Begin PBXResourcesBuildPhase section */
		633E0B321B67D4EE004DE90B /* Resources */ = {
			isa = PBXResourcesBuildPhase;
			buildActionMask = 2147483647;
			files = (
				633E0B3C1B67D4EE004DE90B /* Assets.xcassets in Resources */,
				633E0B3F1B67D4EE004DE90B /* Main.storyboard in Resources */,
			);
			runOnlyForDeploymentPostprocessing = 0;
		};
/* End PBXResourcesBuildPhase section */

/* Begin PBXSourcesBuildPhase section */
		633E0B301B67D4EE004DE90B /* Sources */ = {
			isa = PBXSourcesBuildPhase;
			buildActionMask = 2147483647;
			files = (
				633E0B4A1B67D4FA004DE90B /* OMDBAPI.swift in Sources */,
				633E0B3A1B67D4EE004DE90B /* ViewController.swift in Sources */,
				633E0B4D1B67D500004DE90B /* APIConstants.swift in Sources */,
				633E0B381B67D4EE004DE90B /* AppDelegate.swift in Sources */,
				633E0B491B67D4FA004DE90B /* Movie.swift in Sources */,
				633E0B4B1B67D4FA004DE90B /* RottenTomatoRatings.swift in Sources */,
			);
			runOnlyForDeploymentPostprocessing = 0;
		};
/* End PBXSourcesBuildPhase section */

/* Begin PBXVariantGroup section */
		633E0B3D1B67D4EE004DE90B /* Main.storyboard */ = {
			isa = PBXVariantGroup;
			children = (
				633E0B3E1B67D4EE004DE90B /* Base */,
			);
			name = Main.storyboard;
			sourceTree = "<group>";
		};
/* End PBXVariantGroup section */

/* Begin XCBuildConfiguration section */
		633E0B411B67D4EE004DE90B /* Debug */ = {
			isa = XCBuildConfiguration;
			buildSettings = {
				ALWAYS_SEARCH_USER_PATHS = NO;
				CLANG_CXX_LANGUAGE_STANDARD = "gnu++0x";
				CLANG_CXX_LIBRARY = "libc++";
				CLANG_ENABLE_MODULES = YES;
				CLANG_ENABLE_OBJC_ARC = YES;
				CLANG_WARN_BOOL_CONVERSION = YES;
				CLANG_WARN_CONSTANT_CONVERSION = YES;
				CLANG_WARN_DIRECT_OBJC_ISA_USAGE = YES_ERROR;
				CLANG_WARN_EMPTY_BODY = YES;
				CLANG_WARN_ENUM_CONVERSION = YES;
				CLANG_WARN_INT_CONVERSION = YES;
				CLANG_WARN_OBJC_ROOT_CLASS = YES_ERROR;
				CLANG_WARN_UNREACHABLE_CODE = YES;
				CLANG_WARN__DUPLICATE_METHOD_MATCH = YES;
				CODE_SIGN_IDENTITY = "-";
				COPY_PHASE_STRIP = NO;
				DEBUG_INFORMATION_FORMAT = dwarf;
				ENABLE_STRICT_OBJC_MSGSEND = YES;
				ENABLE_TESTABILITY = YES;
				GCC_C_LANGUAGE_STANDARD = gnu99;
				GCC_DYNAMIC_NO_PIC = NO;
				GCC_NO_COMMON_BLOCKS = YES;
				GCC_OPTIMIZATION_LEVEL = 0;
				GCC_PREPROCESSOR_DEFINITIONS = (
					"DEBUG=1",
					"$(inherited)",
				);
				GCC_WARN_64_TO_32_BIT_CONVERSION = YES;
				GCC_WARN_ABOUT_RETURN_TYPE = YES_ERROR;
				GCC_WARN_UNDECLARED_SELECTOR = YES;
				GCC_WARN_UNINITIALIZED_AUTOS = YES_AGGRESSIVE;
				GCC_WARN_UNUSED_FUNCTION = YES;
				GCC_WARN_UNUSED_VARIABLE = YES;
				MACOSX_DEPLOYMENT_TARGET = 10.10;
				MTL_ENABLE_DEBUG_INFO = YES;
				ONLY_ACTIVE_ARCH = YES;
				SDKROOT = macosx;
				SWIFT_OPTIMIZATION_LEVEL = "-Onone";
			};
			name = Debug;
		};
		633E0B421B67D4EE004DE90B /* Release */ = {
			isa = XCBuildConfiguration;
			buildSettings = {
				ALWAYS_SEARCH_USER_PATHS = NO;
				CLANG_CXX_LANGUAGE_STANDARD = "gnu++0x";
				CLANG_CXX_LIBRARY = "libc++";
				CLANG_ENABLE_MODULES = YES;
				CLANG_ENABLE_OBJC_ARC = YES;
				CLANG_WARN_BOOL_CONVERSION = YES;
				CLANG_WARN_CONSTANT_CONVERSION = YES;
				CLANG_WARN_DIRECT_OBJC_ISA_USAGE = YES_ERROR;
				CLANG_WARN_EMPTY_BODY = YES;
				CLANG_WARN_ENUM_CONVERSION = YES;
				CLANG_WARN_INT_CONVERSION = YES;
				CLANG_WARN_OBJC_ROOT_CLASS = YES_ERROR;
				CLANG_WARN_UNREACHABLE_CODE = YES;
				CLANG_WARN__DUPLICATE_METHOD_MATCH = YES;
				CODE_SIGN_IDENTITY = "-";
				COPY_PHASE_STRIP = NO;
				DEBUG_INFORMATION_FORMAT = "dwarf-with-dsym";
				ENABLE_NS_ASSERTIONS = NO;
				ENABLE_STRICT_OBJC_MSGSEND = YES;
				GCC_C_LANGUAGE_STANDARD = gnu99;
				GCC_NO_COMMON_BLOCKS = YES;
				GCC_WARN_64_TO_32_BIT_CONVERSION = YES;
				GCC_WARN_ABOUT_RETURN_TYPE = YES_ERROR;
				GCC_WARN_UNDECLARED_SELECTOR = YES;
				GCC_WARN_UNINITIALIZED_AUTOS = YES_AGGRESSIVE;
				GCC_WARN_UNUSED_FUNCTION = YES;
				GCC_WARN_UNUSED_VARIABLE = YES;
				MACOSX_DEPLOYMENT_TARGET = 10.10;
				MTL_ENABLE_DEBUG_INFO = NO;
				SDKROOT = macosx;
			};
			name = Release;
		};
		633E0B441B67D4EE004DE90B /* Debug */ = {
			isa = XCBuildConfiguration;
			buildSettings = {
				ASSETCATALOG_COMPILER_APPICON_NAME = AppIcon;
				COMBINE_HIDPI_IMAGES = YES;
				INFOPLIST_FILE = OMDBAPI/Info.plist;
				LD_RUNPATH_SEARCH_PATHS = "$(inherited) @executable_path/../Frameworks";
				PRODUCT_BUNDLE_IDENTIFIER = "com.david-ehlen.OMDBAPI";
				PRODUCT_NAME = "$(TARGET_NAME)";
			};
			name = Debug;
		};
		633E0B451B67D4EE004DE90B /* Release */ = {
			isa = XCBuildConfiguration;
			buildSettings = {
				ASSETCATALOG_COMPILER_APPICON_NAME = AppIcon;
				COMBINE_HIDPI_IMAGES = YES;
				INFOPLIST_FILE = OMDBAPI/Info.plist;
				LD_RUNPATH_SEARCH_PATHS = "$(inherited) @executable_path/../Frameworks";
				PRODUCT_BUNDLE_IDENTIFIER = "com.david-ehlen.OMDBAPI";
				PRODUCT_NAME = "$(TARGET_NAME)";
			};
			name = Release;
		};
/* End XCBuildConfiguration section */

/* Begin XCConfigurationList section */
		633E0B2F1B67D4EE004DE90B /* Build configuration list for PBXProject "OMDBAPI" */ = {
			isa = XCConfigurationList;
			buildConfigurations = (
				633E0B411B67D4EE004DE90B /* Debug */,
				633E0B421B67D4EE004DE90B /* Release */,
			);
			defaultConfigurationIsVisible = 0;
			defaultConfigurationName = Release;
		};
		633E0B431B67D4EE004DE90B /* Build configuration list for PBXNativeTarget "OMDBAPI" */ = {
			isa = XCConfigurationList;
			buildConfigurations = (
				633E0B441B67D4EE004DE90B /* Debug */,
				633E0B451B67D4EE004DE90B /* Release */,
			);
			defaultConfigurationIsVisible = 0;
		};
/* End XCConfigurationList section */
	};
	rootObject = 633E0B2C1B67D4EE004DE90B /* Project object */;
}
